
Microsoft Visual Studio Solution File, Format Version 12.00
# Visual Studio 15
VisualStudioVersion = 15.0.27703.2026
MinimumVisualStudioVersion = 10.0.40219.1
Project("{FAE04EC0-301F-11D3-BF4B-00C04F79EFBC}") = "MyFirstGit", "MyFirstGit\MyFirstGit.csproj", "{F2870623-96B6-43DE-98E5-5DB06E2AC9AD}"
EndProject
Global
	GlobalSection(SolutionConfigurationPlatforms) = preSolution
		Debug|Any CPU = Debug|Any CPU
		Release|Any CPU = Release|Any CPU
	EndGlobalSection
	GlobalSection(ProjectConfigurationPlatforms) = postSolution
		{F2870623-96B6-43DE-98E5-5DB06E2AC9AD}.Debug|Any CPU.ActiveCfg = Debug|Any CPU
		{F2870623-96B6-43DE-98E5-5DB06E2AC9AD}.Debug|Any CPU.Build.0 = Debug|Any CPU
		{F2870623-96B6-43DE-98E5-5DB06E2AC9AD}.Release|Any CPU.ActiveCfg = Release|Any CPU
		{F2870623-96B6-43DE-98E5-5DB06E2AC9AD}.Release|Any CPU.Build.0 = Release|Any CPU
	EndGlobalSection
	GlobalSection(SolutionProperties) = preSolution
		HideSolutionNode = FALSE
	EndGlobalSection
	GlobalSection(ExtensibilityGlobals) = postSolution
		SolutionGuid = {3AD89665-EA27-4F89-811B-D9F9CCD775F9}
	EndGlobalSection
EndGlobal
